
Microsoft Visual Studio Solution File, Format Version 12.00
# Visual Studio Version 17
VisualStudioVersion = 17.2.32616.157
MinimumVisualStudioVersion = 10.0.40219.1
Project("{FAE04EC0-301F-11D3-BF4B-00C04F79EFBC}") = "FIT5032_WEEK4_Calendar", "FIT5032_WEEK4_Calendar\FIT5032_WEEK4_Calendar.csproj", "{CF12BB88-F528-4AEE-A935-AD18AA34E097}"
EndProject
Global
	GlobalSection(SolutionConfigurationPlatforms) = preSolution
		Debug|Any CPU = Debug|Any CPU
		Release|Any CPU = Release|Any CPU
	EndGlobalSection
	GlobalSection(ProjectConfigurationPlatforms) = postSolution
		{CF12BB88-F528-4AEE-A935-AD18AA34E097}.Debug|Any CPU.ActiveCfg = Debug|Any CPU
		{CF12BB88-F528-4AEE-A935-AD18AA34E097}.Debug|Any CPU.Build.0 = Debug|Any CPU
		{CF12BB88-F528-4AEE-A935-AD18AA34E097}.Release|Any CPU.ActiveCfg = Release|Any CPU
		{CF12BB88-F528-4AEE-A935-AD18AA34E097}.Release|Any CPU.Build.0 = Release|Any CPU
	EndGlobalSection
	GlobalSection(SolutionProperties) = preSolution
		HideSolutionNode = FALSE
	EndGlobalSection
	GlobalSection(ExtensibilityGlobals) = postSolution
		SolutionGuid = {A6C16CE7-531F-47FD-B1F7-EBFE04270B79}
	EndGlobalSection
EndGlobal
